
Microsoft Visual Studio Solution File, Format Version 12.00
# Visual Studio Version 17
VisualStudioVersion = 17.8.34330.188
MinimumVisualStudioVersion = 10.0.40219.1
Project("{FAE04EC0-301F-11D3-BF4B-00C04F79EFBC}") = "SuggestionAPPUI", "SuggestionAPPUI\SuggestionAPPUI.csproj", "{5A582B1A-458A-4CBF-8E3F-23A49892B54E}"
EndProject
Global
	GlobalSection(SolutionConfigurationPlatforms) = preSolution
		Debug|Any CPU = Debug|Any CPU
		Release|Any CPU = Release|Any CPU
	EndGlobalSection
	GlobalSection(ProjectConfigurationPlatforms) = postSolution
		{5A582B1A-458A-4CBF-8E3F-23A49892B54E}.Debug|Any CPU.ActiveCfg = Debug|Any CPU
		{5A582B1A-458A-4CBF-8E3F-23A49892B54E}.Debug|Any CPU.Build.0 = Debug|Any CPU
		{5A582B1A-458A-4CBF-8E3F-23A49892B54E}.Release|Any CPU.ActiveCfg = Release|Any CPU
		{5A582B1A-458A-4CBF-8E3F-23A49892B54E}.Release|Any CPU.Build.0 = Release|Any CPU
	EndGlobalSection
	GlobalSection(SolutionProperties) = preSolution
		HideSolutionNode = FALSE
	EndGlobalSection
	GlobalSection(ExtensibilityGlobals) = postSolution
		SolutionGuid = {780842DB-B237-437C-97FD-B66B78059EAD}
	EndGlobalSection
EndGlobal
